// !$*UTF8*$!
{
	archiveVersion = 1;
	classes = {
	};
	objectVersion = 46;
	objects = {

/* Begin PBXBuildFile section */
		204FC0941B679370000FAADD /* AppDelegate.swift in Sources */ = {isa = PBXBuildFile; fileRef = 204FC0931B679370000FAADD /* AppDelegate.swift */; };
		204FC0961B679370000FAADD /* ViewController.swift in Sources */ = {isa = PBXBuildFile; fileRef = 204FC0951B679370000FAADD /* ViewController.swift */; };
		204FC0991B679370000FAADD /* Main.storyboard in Resources */ = {isa = PBXBuildFile; fileRef = 204FC0971B679370000FAADD /* Main.storyboard */; };
		204FC09B1B679370000FAADD /* Images.xcassets in Resources */ = {isa = PBXBuildFile; fileRef = 204FC09A1B679370000FAADD /* Images.xcassets */; };
		204FC09E1B679370000FAADD /* LaunchScreen.xib in Resources */ = {isa = PBXBuildFile; fileRef = 204FC09C1B679370000FAADD /* LaunchScreen.xib */; };
		204FC0AA1B679370000FAADD /* SwiftyWordsTests.swift in Sources */ = {isa = PBXBuildFile; fileRef = 204FC0A91B679370000FAADD /* SwiftyWordsTests.swift */; };
		204FC0B41B679D12000FAADD /* level1.txt in Resources */ = {isa = PBXBuildFile; fileRef = 204FC0B31B679D12000FAADD /* level1.txt */; };
		204FC0B61B679F48000FAADD /* Array+Shuffling.swift in Sources */ = {isa = PBXBuildFile; fileRef = 204FC0B51B679F48000FAADD /* Array+Shuffling.swift */; };
		204FC0B81B67D4F5000FAADD /* level2.txt in Resources */ = {isa = PBXBuildFile; fileRef = 204FC0B71B67D4F5000FAADD /* level2.txt */; };
/* End PBXBuildFile section */

/* Begin PBXContainerItemProxy section */
		204FC0A41B679370000FAADD /* PBXContainerItemProxy */ = {
			isa = PBXContainerItemProxy;
			containerPortal = 204FC0861B679370000FAADD /* Project object */;
			proxyType = 1;
			remoteGlobalIDString = 204FC08D1B679370000FAADD;
			remoteInfo = SwiftyWords;
		};
/* End PBXContainerItemProxy section */

/* Begin PBXFileReference section */
		204FC08E1B679370000FAADD /* SwiftyWords.app */ = {isa = PBXFileReference; explicitFileType = wrapper.application; includeInIndex = 0; path = SwiftyWords.app; sourceTree = BUILT_PRODUCTS_DIR; };
		204FC0921B679370000FAADD /* Info.plist */ = {isa = PBXFileReference; lastKnownFileType = text.plist.xml; path = Info.plist; sourceTree = "<group>"; };
		204FC0931B679370000FAADD /* AppDelegate.swift */ = {isa = PBXFileReference; lastKnownFileType = sourcecode.swift; path = AppDelegate.swift; sourceTree = "<group>"; };
		204FC0951B679370000FAADD /* ViewController.swift */ = {isa = PBXFileReference; lastKnownFileType = sourcecode.swift; path = ViewController.swift; sourceTree = "<group>"; };
		204FC0981B679370000FAADD /* Base */ = {isa = PBXFileReference; lastKnownFileType = file.storyboard; name = Base; path = Base.lproj/Main.storyboard; sourceTree = "<group>"; };
		204FC09A1B679370000FAADD /* Images.xcassets */ = {isa = PBXFileReference; lastKnownFileType = folder.assetcatalog; path = Images.xcassets; sourceTree = "<group>"; };
		204FC09D1B679370000FAADD /* Base */ = {isa = PBXFileReference; lastKnownFileType = file.xib; name = Base; path = Base.lproj/LaunchScreen.xib; sourceTree = "<group>"; };
		204FC0A31B679370000FAADD /* SwiftyWordsTests.xctest */ = {isa = PBXFileReference; explicitFileType = wrapper.cfbundle; includeInIndex = 0; path = SwiftyWordsTests.xctest; sourceTree = BUILT_PRODUCTS_DIR; };
		204FC0A81B679370000FAADD /* Info.plist */ = {isa = PBXFileReference; lastKnownFileType = text.plist.xml; path = Info.plist; sourceTree = "<group>"; };
		204FC0A91B679370000FAADD /* SwiftyWordsTests.swift */ = {isa = PBXFileReference; lastKnownFileType = sourcecode.swift; path = SwiftyWordsTests.swift; sourceTree = "<group>"; };
		204FC0B31B679D12000FAADD /* level1.txt */ = {isa = PBXFileReference; fileEncoding = 4; lastKnownFileType = text; path = level1.txt; sourceTree = "<group>"; };
		204FC0B51B679F48000FAADD /* Array+Shuffling.swift */ = {isa = PBXFileReference; fileEncoding = 4; lastKnownFileType = sourcecode.swift; path = "Array+Shuffling.swift"; sourceTree = "<group>"; };
		204FC0B71B67D4F5000FAADD /* level2.txt */ = {isa = PBXFileReference; fileEncoding = 4; lastKnownFileType = text; path = level2.txt; sourceTree = "<group>"; };
/* End PBXFileReference section */

/* Begin PBXFrameworksBuildPhase section */
		204FC08B1B679370000FAADD /* Frameworks */ = {
			isa = PBXFrameworksBuildPhase;
			buildActionMask = 2147483647;
			files = (
			);
			runOnlyForDeploymentPostprocessing = 0;
		};
		204FC0A01B679370000FAADD /* Frameworks */ = {
			isa = PBXFrameworksBuildPhase;
			buildActionMask = 2147483647;
			files = (
			);
			runOnlyForDeploymentPostprocessing = 0;
		};
/* End PBXFrameworksBuildPhase section */

/* Begin PBXGroup section */
		204FC0851B679370000FAADD = {
			isa = PBXGroup;
			children = (
				204FC0901B679370000FAADD /* SwiftyWords */,
				204FC0A61B679370000FAADD /* SwiftyWordsTests */,
				204FC08F1B679370000FAADD /* Products */,
			);
			sourceTree = "<group>";
		};
		204FC08F1B679370000FAADD /* Products */ = {
			isa = PBXGroup;
			children = (
				204FC08E1B679370000FAADD /* SwiftyWords.app */,
				204FC0A31B679370000FAADD /* SwiftyWordsTests.xctest */,
			);
			name = Products;
			sourceTree = "<group>";
		};
		204FC0901B679370000FAADD /* SwiftyWords */ = {
			isa = PBXGroup;
			children = (
				204FC0931B679370000FAADD /* AppDelegate.swift */,
				204FC0951B679370000FAADD /* ViewController.swift */,
				204FC0971B679370000FAADD /* Main.storyboard */,
				204FC0B51B679F48000FAADD /* Array+Shuffling.swift */,
				204FC09A1B679370000FAADD /* Images.xcassets */,
				204FC0B31B679D12000FAADD /* level1.txt */,
				204FC0B71B67D4F5000FAADD /* level2.txt */,
				204FC09C1B679370000FAADD /* LaunchScreen.xib */,
				204FC0911B679370000FAADD /* Supporting Files */,
			);
			path = SwiftyWords;
			sourceTree = "<group>";
		};
		204FC0911B679370000FAADD /* Supporting Files */ = {
			isa = PBXGroup;
			children = (
				204FC0921B679370000FAADD /* Info.plist */,
			);
			name = "Supporting Files";
			sourceTree = "<group>";
		};
		204FC0A61B679370000FAADD /* SwiftyWordsTests */ = {
			isa = PBXGroup;
			children = (
				204FC0A91B679370000FAADD /* SwiftyWordsTests.swift */,
				204FC0A71B679370000FAADD /* Supporting Files */,
			);
			path = SwiftyWordsTests;
			sourceTree = "<group>";
		};
		204FC0A71B679370000FAADD /* Supporting Files */ = {
			isa = PBXGroup;
			children = (
				204FC0A81B679370000FAADD /* Info.plist */,
			);
			name = "Supporting Files";
			sourceTree = "<group>";
		};
/* End PBXGroup section */

/* Begin PBXNativeTarget section */
		204FC08D1B679370000FAADD /* SwiftyWords */ = {
			isa = PBXNativeTarget;
			buildConfigurationList = 204FC0AD1B679370000FAADD /* Build configuration list for PBXNativeTarget "SwiftyWords" */;
			buildPhases = (
				204FC08A1B679370000FAADD /* Sources */,
				204FC08B1B679370000FAADD /* Frameworks */,
				204FC08C1B679370000FAADD /* Resources */,
			);
			buildRules = (
			);
			dependencies = (
			);
			name = SwiftyWords;
			productName = SwiftyWords;
			productReference = 204FC08E1B679370000FAADD /* SwiftyWords.app */;
			productType = "com.apple.product-type.application";
		};
		204FC0A21B679370000FAADD /* SwiftyWordsTests */ = {
			isa = PBXNativeTarget;
			buildConfigurationList = 204FC0B01B679370000FAADD /* Build configuration list for PBXNativeTarget "SwiftyWordsTests" */;
			buildPhases = (
				204FC09F1B679370000FAADD /* Sources */,
				204FC0A01B679370000FAADD /* Frameworks */,
				204FC0A11B679370000FAADD /* Resources */,
			);
			buildRules = (
			);
			dependencies = (
				204FC0A51B679370000FAADD /* PBXTargetDependency */,
			);
			name = SwiftyWordsTests;
			productName = SwiftyWordsTests;
			productReference = 204FC0A31B679370000FAADD /* SwiftyWordsTests.xctest */;
			productType = "com.apple.product-type.bundle.unit-test";
		};
/* End PBXNativeTarget section */

/* Begin PBXProject section */
		204FC0861B679370000FAADD /* Project object */ = {
			isa = PBXProject;
			attributes = {
				LastSwiftUpdateCheck = 0700;
				LastUpgradeCheck = 0700;
				ORGANIZATIONNAME = "Tom Power";
				TargetAttributes = {
					204FC08D1B679370000FAADD = {
						CreatedOnToolsVersion = 6.3.2;
						DevelopmentTeam = Y23W28MGVM;
					};
					204FC0A21B679370000FAADD = {
						CreatedOnToolsVersion = 6.3.2;
						TestTargetID = 204FC08D1B679370000FAADD;
					};
				};
			};
			buildConfigurationList = 204FC0891B679370000FAADD /* Build configuration list for PBXProject "SwiftyWords" */;
			compatibilityVersion = "Xcode 3.2";
			developmentRegion = English;
			hasScannedForEncodings = 0;
			knownRegions = (
				en,
				Base,
			);
			mainGroup = 204FC0851B679370000FAADD;
			productRefGroup = 204FC08F1B679370000FAADD /* Products */;
			projectDirPath = "";
			projectRoot = "";
			targets = (
				204FC08D1B679370000FAADD /* SwiftyWords */,
				204FC0A21B679370000FAADD /* SwiftyWordsTests */,
			);
		};
/* End PBXProject section */

/* Begin PBXResourcesBuildPhase section */
		204FC08C1B679370000FAADD /* Resources */ = {
			isa = PBXResourcesBuildPhase;
			buildActionMask = 2147483647;
			files = (
				204FC0B81B67D4F5000FAADD /* level2.txt in Resources */,
				204FC0991B679370000FAADD /* Main.storyboard in Resources */,
				204FC0B41B679D12000FAADD /* level1.txt in Resources */,
				204FC09E1B679370000FAADD /* LaunchScreen.xib in Resources */,
				204FC09B1B679370000FAADD /* Images.xcassets in Resources */,
			);
			runOnlyForDeploymentPostprocessing = 0;
		};
		204FC0A11B679370000FAADD /* Resources */ = {
			isa = PBXResourcesBuildPhase;
			buildActionMask = 2147483647;
			files = (
			);
			runOnlyForDeploymentPostprocessing = 0;
		};
/* End PBXResourcesBuildPhase section */

/* Begin PBXSourcesBuildPhase section */
		204FC08A1B679370000FAADD /* Sources */ = {
			isa = PBXSourcesBuildPhase;
			buildActionMask = 2147483647;
			files = (
				204FC0961B679370000FAADD /* ViewController.swift in Sources */,
				204FC0941B679370000FAADD /* AppDelegate.swift in Sources */,
				204FC0B61B679F48000FAADD /* Array+Shuffling.swift in Sources */,
			);
			runOnlyForDeploymentPostprocessing = 0;
		};
		204FC09F1B679370000FAADD /* Sources */ = {
			isa = PBXSourcesBuildPhase;
			buildActionMask = 2147483647;
			files = (
				204FC0AA1B679370000FAADD /* SwiftyWordsTests.swift in Sources */,
			);
			runOnlyForDeploymentPostprocessing = 0;
		};
/* End PBXSourcesBuildPhase section */

/* Begin PBXTargetDependency section */
		204FC0A51B679370000FAADD /* PBXTargetDependency */ = {
			isa = PBXTargetDependency;
			target = 204FC08D1B679370000FAADD /* SwiftyWords */;
			targetProxy = 204FC0A41B679370000FAADD /* PBXContainerItemProxy */;
		};
/* End PBXTargetDependency section */

/* Begin PBXVariantGroup section */
		204FC0971B679370000FAADD /* Main.storyboard */ = {
			isa = PBXVariantGroup;
			children = (
				204FC0981B679370000FAADD /* Base */,
			);
			name = Main.storyboard;
			sourceTree = "<group>";
		};
		204FC09C1B679370000FAADD /* LaunchScreen.xib */ = {
			isa = PBXVariantGroup;
			children = (
				204FC09D1B679370000FAADD /* Base */,
			);
			name = LaunchScreen.xib;
			sourceTree = "<group>";
		};
/* End PBXVariantGroup section */

/* Begin XCBuildConfiguration section */
		204FC0AB1B679370000FAADD /* Debug */ = {
			isa = XCBuildConfiguration;
			buildSettings = {
				ALWAYS_SEARCH_USER_PATHS = NO;
				CLANG_CXX_LANGUAGE_STANDARD = "gnu++0x";
				CLANG_CXX_LIBRARY = "libc++";
				CLANG_ENABLE_MODULES = YES;
				CLANG_ENABLE_OBJC_ARC = YES;
				CLANG_WARN_BOOL_CONVERSION = YES;
				CLANG_WARN_CONSTANT_CONVERSION = YES;
				CLANG_WARN_DIRECT_OBJC_ISA_USAGE = YES_ERROR;
				CLANG_WARN_EMPTY_BODY = YES;
				CLANG_WARN_ENUM_CONVERSION = YES;
				CLANG_WARN_INT_CONVERSION = YES;
				CLANG_WARN_OBJC_ROOT_CLASS = YES_ERROR;
				CLANG_WARN_UNREACHABLE_CODE = YES;
				CLANG_WARN__DUPLICATE_METHOD_MATCH = YES;
				"CODE_SIGN_IDENTITY[sdk=iphoneos*]" = "iPhone Developer";
				COPY_PHASE_STRIP = NO;
				DEBUG_INFORMATION_FORMAT = "dwarf-with-dsym";
				ENABLE_STRICT_OBJC_MSGSEND = YES;
				ENABLE_TESTABILITY = YES;
				GCC_C_LANGUAGE_STANDARD = gnu99;
				GCC_DYNAMIC_NO_PIC = NO;
				GCC_NO_COMMON_BLOCKS = YES;
				GCC_OPTIMIZATION_LEVEL = 0;
				GCC_PREPROCESSOR_DEFINITIONS = (
					"DEBUG=1",
					"$(inherited)",
				);
				GCC_SYMBOLS_PRIVATE_EXTERN = NO;
				GCC_WARN_64_TO_32_BIT_CONVERSION = YES;
				GCC_WARN_ABOUT_RETURN_TYPE = YES_ERROR;
				GCC_WARN_UNDECLARED_SELECTOR = YES;
				GCC_WARN_UNINITIALIZED_AUTOS = YES_AGGRESSIVE;
				GCC_WARN_UNUSED_FUNCTION = YES;
				GCC_WARN_UNUSED_VARIABLE = YES;
				IPHONEOS_DEPLOYMENT_TARGET = 7.0;
				MTL_ENABLE_DEBUG_INFO = YES;
				ONLY_ACTIVE_ARCH = YES;
				SDKROOT = iphoneos;
				SWIFT_OPTIMIZATION_LEVEL = "-Onone";
				TARGETED_DEVICE_FAMILY = 2;
			};
			name = Debug;
		};
		204FC0AC1B679370000FAADD /* Release */ = {
			isa = XCBuildConfiguration;
			buildSettings = {
				ALWAYS_SEARCH_USER_PATHS = NO;
				CLANG_CXX_LANGUAGE_STANDARD = "gnu++0x";
				CLANG_CXX_LIBRARY = "libc++";
				CLANG_ENABLE_MODULES = YES;
				CLANG_ENABLE_OBJC_ARC = YES;
				CLANG_WARN_BOOL_CONVERSION = YES;
				CLANG_WARN_CONSTANT_CONVERSION = YES;
				CLANG_WARN_DIRECT_OBJC_ISA_USAGE = YES_ERROR;
				CLANG_WARN_EMPTY_BODY = YES;
				CLANG_WARN_ENUM_CONVERSION = YES;
				CLANG_WARN_INT_CONVERSION = YES;
				CLANG_WARN_OBJC_ROOT_CLASS = YES_ERROR;
				CLANG_WARN_UNREACHABLE_CODE = YES;
				CLANG_WARN__DUPLICATE_METHOD_MATCH = YES;
				"CODE_SIGN_IDENTITY[sdk=iphoneos*]" = "iPhone Developer";
				COPY_PHASE_STRIP = NO;
				DEBUG_INFORMATION_FORMAT = "dwarf-with-dsym";
				ENABLE_NS_ASSERTIONS = NO;
				ENABLE_STRICT_OBJC_MSGSEND = YES;
				GCC_C_LANGUAGE_STANDARD = gnu99;
				GCC_NO_COMMON_BLOCKS = YES;
				GCC_WARN_64_TO_32_BIT_CONVERSION = YES;
				GCC_WARN_ABOUT_RETURN_TYPE = YES_ERROR;
				GCC_WARN_UNDECLARED_SELECTOR = YES;
				GCC_WARN_UNINITIALIZED_AUTOS = YES_AGGRESSIVE;
				GCC_WARN_UNUSED_FUNCTION = YES;
				GCC_WARN_UNUSED_VARIABLE = YES;
				IPHONEOS_DEPLOYMENT_TARGET = 7.0;
				MTL_ENABLE_DEBUG_INFO = NO;
				SDKROOT = iphoneos;
				TARGETED_DEVICE_FAMILY = 2;
				VALIDATE_PRODUCT = YES;
			};
			name = Release;
		};
		204FC0AE1B679370000FAADD /* Debug */ = {
			isa = XCBuildConfiguration;
			buildSettings = {
				ASSETCATALOG_COMPILER_APPICON_NAME = AppIcon;
				CODE_SIGN_IDENTITY = "iPhone Developer";
				"CODE_SIGN_IDENTITY[sdk=iphoneos*]" = "iPhone Developer";
				INFOPLIST_FILE = SwiftyWords/Info.plist;
				IPHONEOS_DEPLOYMENT_TARGET = 8.3;
				LD_RUNPATH_SEARCH_PATHS = "$(inherited) @executable_path/Frameworks";
				PRODUCT_BUNDLE_IDENTIFIER = "tompower.$(PRODUCT_NAME:rfc1034identifier)";
				PRODUCT_NAME = "$(TARGET_NAME)";
				PROVISIONING_PROFILE = "";
			};
			name = Debug;
		};
		204FC0AF1B679370000FAADD /* Release */ = {
			isa = XCBuildConfiguration;
			buildSettings = {
				ASSETCATALOG_COMPILER_APPICON_NAME = AppIcon;
				CODE_SIGN_IDENTITY = "iPhone Developer";
				"CODE_SIGN_IDENTITY[sdk=iphoneos*]" = "iPhone Developer";
				INFOPLIST_FILE = SwiftyWords/Info.plist;
				IPHONEOS_DEPLOYMENT_TARGET = 8.3;
				LD_RUNPATH_SEARCH_PATHS = "$(inherited) @executable_path/Frameworks";
				PRODUCT_BUNDLE_IDENTIFIER = "tompower.$(PRODUCT_NAME:rfc1034identifier)";
				PRODUCT_NAME = "$(TARGET_NAME)";
				PROVISIONING_PROFILE = "";
			};
			name = Release;
		};
		204FC0B11B679370000FAADD /* Debug */ = {
			isa = XCBuildConfiguration;
			buildSettings = {
				BUNDLE_LOADER = "$(TEST_HOST)";
				FRAMEWORK_SEARCH_PATHS = (
					"$(SDKROOT)/Developer/Library/Frameworks",
					"$(inherited)",
				);
				GCC_PREPROCESSOR_DEFINITIONS = (
					"DEBUG=1",
					"$(inherited)",
				);
				INFOPLIST_FILE = SwiftyWordsTests/Info.plist;
				LD_RUNPATH_SEARCH_PATHS = "$(inherited) @executable_path/Frameworks @loader_path/Frameworks";
				PRODUCT_BUNDLE_IDENTIFIER = "tompower.$(PRODUCT_NAME:rfc1034identifier)";
				PRODUCT_NAME = "$(TARGET_NAME)";
				TEST_HOST = "$(BUILT_PRODUCTS_DIR)/SwiftyWords.app/SwiftyWords";
			};
			name = Debug;
		};
		204FC0B21B679370000FAADD /* Release */ = {
			isa = XCBuildConfiguration;
			buildSettings = {
				BUNDLE_LOADER = "$(TEST_HOST)";
				FRAMEWORK_SEARCH_PATHS = (
					"$(SDKROOT)/Developer/Library/Frameworks",
					"$(inherited)",
				);
				INFOPLIST_FILE = SwiftyWordsTests/Info.plist;
				LD_RUNPATH_SEARCH_PATHS = "$(inherited) @executable_path/Frameworks @loader_path/Frameworks";
				PRODUCT_BUNDLE_IDENTIFIER = "tompower.$(PRODUCT_NAME:rfc1034identifier)";
				PRODUCT_NAME = "$(TARGET_NAME)";
				TEST_HOST = "$(BUILT_PRODUCTS_DIR)/SwiftyWords.app/SwiftyWords";
			};
			name = Release;
		};
/* End XCBuildConfiguration section */

/* Begin XCConfigurationList section */
		204FC0891B679370000FAADD /* Build configuration list for PBXProject "SwiftyWords" */ = {
			isa = XCConfigurationList;
			buildConfigurations = (
				204FC0AB1B679370000FAADD /* Debug */,
				204FC0AC1B679370000FAADD /* Release */,
			);
			defaultConfigurationIsVisible = 0;
			defaultConfigurationName = Release;
		};
		204FC0AD1B679370000FAADD /* Build configuration list for PBXNativeTarget "SwiftyWords" */ = {
			isa = XCConfigurationList;
			buildConfigurations = (
				204FC0AE1B679370000FAADD /* Debug */,
				204FC0AF1B679370000FAADD /* Release */,
			);
			defaultConfigurationIsVisible = 0;
			defaultConfigurationName = Release;
		};
		204FC0B01B679370000FAADD /* Build configuration list for PBXNativeTarget "SwiftyWordsTests" */ = {
			isa = XCConfigurationList;
			buildConfigurations = (
				204FC0B11B679370000FAADD /* Debug */,
				204FC0B21B679370000FAADD /* Release */,
			);
			defaultConfigurationIsVisible = 0;
			defaultConfigurationName = Release;
		};
/* End XCConfigurationList section */
	};
	rootObject = 204FC0861B679370000FAADD /* Project object */;
}
